
Microsoft Visual Studio Solution File, Format Version 12.00
# Visual Studio Version 16
VisualStudioVersion = 16.0.31911.196
MinimumVisualStudioVersion = 10.0.40219.1
Project("{9A19103F-16F7-4668-BE54-9A1E7A4F7556}") = "DevFreela.API", "DevFreela.API\DevFreela.API.csproj", "{F5E77FA7-9BE6-4AF5-9C89-20381DE05FB7}"
EndProject
Project("{9A19103F-16F7-4668-BE54-9A1E7A4F7556}") = "DevFreela.Core", "DevFreela.Core\DevFreela.Core.csproj", "{DA72D38B-F6D0-47B9-A169-64A0BE094FA6}"
EndProject
Project("{FAE04EC0-301F-11D3-BF4B-00C04F79EFBC}") = "DevFreela.Infrastructure", "DevFreela.Infrastructure\DevFreela.Infrastructure.csproj", "{90AD5688-243A-415C-BB98-D4BE59FD2C82}"
EndProject
Global
	GlobalSection(SolutionConfigurationPlatforms) = preSolution
		Debug|Any CPU = Debug|Any CPU
		Release|Any CPU = Release|Any CPU
	EndGlobalSection
	GlobalSection(ProjectConfigurationPlatforms) = postSolution
		{F5E77FA7-9BE6-4AF5-9C89-20381DE05FB7}.Debug|Any CPU.ActiveCfg = Debug|Any CPU
		{F5E77FA7-9BE6-4AF5-9C89-20381DE05FB7}.Debug|Any CPU.Build.0 = Debug|Any CPU
		{F5E77FA7-9BE6-4AF5-9C89-20381DE05FB7}.Release|Any CPU.ActiveCfg = Release|Any CPU
		{F5E77FA7-9BE6-4AF5-9C89-20381DE05FB7}.Release|Any CPU.Build.0 = Release|Any CPU
		{DA72D38B-F6D0-47B9-A169-64A0BE094FA6}.Debug|Any CPU.ActiveCfg = Debug|Any CPU
		{DA72D38B-F6D0-47B9-A169-64A0BE094FA6}.Debug|Any CPU.Build.0 = Debug|Any CPU
		{DA72D38B-F6D0-47B9-A169-64A0BE094FA6}.Release|Any CPU.ActiveCfg = Release|Any CPU
		{DA72D38B-F6D0-47B9-A169-64A0BE094FA6}.Release|Any CPU.Build.0 = Release|Any CPU
		{90AD5688-243A-415C-BB98-D4BE59FD2C82}.Debug|Any CPU.ActiveCfg = Debug|Any CPU
		{90AD5688-243A-415C-BB98-D4BE59FD2C82}.Debug|Any CPU.Build.0 = Debug|Any CPU
		{90AD5688-243A-415C-BB98-D4BE59FD2C82}.Release|Any CPU.ActiveCfg = Release|Any CPU
		{90AD5688-243A-415C-BB98-D4BE59FD2C82}.Release|Any CPU.Build.0 = Release|Any CPU
	EndGlobalSection
	GlobalSection(SolutionProperties) = preSolution
		HideSolutionNode = FALSE
	EndGlobalSection
	GlobalSection(ExtensibilityGlobals) = postSolution
		SolutionGuid = {16E1106C-5FEC-4AFC-9F16-FBC7B884A2CE}
	EndGlobalSection
EndGlobal
